
Microsoft Visual Studio Solution File, Format Version 12.00
# Visual Studio 15
VisualStudioVersion = 15.0.27703.2042
MinimumVisualStudioVersion = 10.0.40219.1
Project("{FAE04EC0-301F-11D3-BF4B-00C04F79EFBC}") = "FormSim", "FormSim\FormSim.csproj", "{514BD0FB-4199-434C-9E00-84C43130A409}"
EndProject
Project("{FAE04EC0-301F-11D3-BF4B-00C04F79EFBC}") = "FormSimUnitTests", "UnitTests\FormSimUnitTests.csproj", "{7EFD229E-2547-4C1B-A0B3-7794FFD23DA8}"
EndProject
Project("{FAE04EC0-301F-11D3-BF4B-00C04F79EFBC}") = "JSONConverter", "JSONConverter\JSONConverter.csproj", "{FAB91606-D6A5-4A1E-A3ED-556DBBDF244A}"
EndProject
Global
	GlobalSection(SolutionConfigurationPlatforms) = preSolution
		Debug|Any CPU = Debug|Any CPU
		Release|Any CPU = Release|Any CPU
	EndGlobalSection
	GlobalSection(ProjectConfigurationPlatforms) = postSolution
		{514BD0FB-4199-434C-9E00-84C43130A409}.Debug|Any CPU.ActiveCfg = Debug|Any CPU
		{514BD0FB-4199-434C-9E00-84C43130A409}.Debug|Any CPU.Build.0 = Debug|Any CPU
		{514BD0FB-4199-434C-9E00-84C43130A409}.Release|Any CPU.ActiveCfg = Release|Any CPU
		{514BD0FB-4199-434C-9E00-84C43130A409}.Release|Any CPU.Build.0 = Release|Any CPU
		{7EFD229E-2547-4C1B-A0B3-7794FFD23DA8}.Debug|Any CPU.ActiveCfg = Debug|Any CPU
		{7EFD229E-2547-4C1B-A0B3-7794FFD23DA8}.Debug|Any CPU.Build.0 = Debug|Any CPU
		{7EFD229E-2547-4C1B-A0B3-7794FFD23DA8}.Release|Any CPU.ActiveCfg = Release|Any CPU
		{7EFD229E-2547-4C1B-A0B3-7794FFD23DA8}.Release|Any CPU.Build.0 = Release|Any CPU
		{FAB91606-D6A5-4A1E-A3ED-556DBBDF244A}.Debug|Any CPU.ActiveCfg = Debug|Any CPU
		{FAB91606-D6A5-4A1E-A3ED-556DBBDF244A}.Debug|Any CPU.Build.0 = Debug|Any CPU
		{FAB91606-D6A5-4A1E-A3ED-556DBBDF244A}.Release|Any CPU.ActiveCfg = Release|Any CPU
		{FAB91606-D6A5-4A1E-A3ED-556DBBDF244A}.Release|Any CPU.Build.0 = Release|Any CPU
	EndGlobalSection
	GlobalSection(SolutionProperties) = preSolution
		HideSolutionNode = FALSE
	EndGlobalSection
	GlobalSection(ExtensibilityGlobals) = postSolution
		SolutionGuid = {AB16E6F0-BE67-446F-9467-08DF426FB743}
	EndGlobalSection
EndGlobal
